// !$*UTF8*$!
{
	archiveVersion = 1;
	classes = {
	};
	objectVersion = 50;
	objects = {

/* Begin PBXBuildFile section */
		0443701D1D8C83D2D85A5C68 /* Pods_MeSocialUITests.framework in Frameworks */ = {isa = PBXBuildFile; fileRef = F7242B9B7B6DCD06349CB406 /* Pods_MeSocialUITests.framework */; };
		85395C5B2214DED4006F022D /* AppDelegate.swift in Sources */ = {isa = PBXBuildFile; fileRef = 85395C5A2214DED4006F022D /* AppDelegate.swift */; };
		85395C602214DED4006F022D /* Main.storyboard in Resources */ = {isa = PBXBuildFile; fileRef = 85395C5E2214DED4006F022D /* Main.storyboard */; };
		85395C622214DED6006F022D /* Assets.xcassets in Resources */ = {isa = PBXBuildFile; fileRef = 85395C612214DED6006F022D /* Assets.xcassets */; };
		85395C652214DED6006F022D /* LaunchScreen.storyboard in Resources */ = {isa = PBXBuildFile; fileRef = 85395C632214DED6006F022D /* LaunchScreen.storyboard */; };
		85395C702214DED7006F022D /* MeSocialTests.swift in Sources */ = {isa = PBXBuildFile; fileRef = 85395C6F2214DED7006F022D /* MeSocialTests.swift */; };
		85395C7B2214DED7006F022D /* MeSocialUITests.swift in Sources */ = {isa = PBXBuildFile; fileRef = 85395C7A2214DED7006F022D /* MeSocialUITests.swift */; };
		85395C892214E496006F022D /* LoginViewController.swift in Sources */ = {isa = PBXBuildFile; fileRef = 85395C882214E496006F022D /* LoginViewController.swift */; };
		85395C8B2214E4A3006F022D /* FeedViewController.swift in Sources */ = {isa = PBXBuildFile; fileRef = 85395C8A2214E4A3006F022D /* FeedViewController.swift */; };
		85395C8D22153942006F022D /* CameraViewController.swift in Sources */ = {isa = PBXBuildFile; fileRef = 85395C8C22153942006F022D /* CameraViewController.swift */; };
		85395C8F22188AEB006F022D /* PostCell.swift in Sources */ = {isa = PBXBuildFile; fileRef = 85395C8E22188AEB006F022D /* PostCell.swift */; };
		C401B290E3F45D45BE089BFB /* Pods_MeSocial.framework in Frameworks */ = {isa = PBXBuildFile; fileRef = FFE8491711B8560E8FEC2F59 /* Pods_MeSocial.framework */; };
		F1E225B402BBA3F3522DA1BB /* Pods_MeSocialTests.framework in Frameworks */ = {isa = PBXBuildFile; fileRef = 57D34B2BC1A901722E3E5446 /* Pods_MeSocialTests.framework */; };
/* End PBXBuildFile section */

/* Begin PBXContainerItemProxy section */
		85395C6C2214DED7006F022D /* PBXContainerItemProxy */ = {
			isa = PBXContainerItemProxy;
			containerPortal = 85395C4F2214DED4006F022D /* Project object */;
			proxyType = 1;
			remoteGlobalIDString = 85395C562214DED4006F022D;
			remoteInfo = MeSocial;
		};
		85395C772214DED7006F022D /* PBXContainerItemProxy */ = {
			isa = PBXContainerItemProxy;
			containerPortal = 85395C4F2214DED4006F022D /* Project object */;
			proxyType = 1;
			remoteGlobalIDString = 85395C562214DED4006F022D;
			remoteInfo = MeSocial;
		};
/* End PBXContainerItemProxy section */

/* Begin PBXFileReference section */
		0E0473056B643961A6D1734D /* Pods-MeSocial.release.xcconfig */ = {isa = PBXFileReference; includeInIndex = 1; lastKnownFileType = text.xcconfig; name = "Pods-MeSocial.release.xcconfig"; path = "Pods/Target Support Files/Pods-MeSocial/Pods-MeSocial.release.xcconfig"; sourceTree = "<group>"; };
		19F20968DFA90379EF8456A5 /* Pods-MeSocial.debug.xcconfig */ = {isa = PBXFileReference; includeInIndex = 1; lastKnownFileType = text.xcconfig; name = "Pods-MeSocial.debug.xcconfig"; path = "Pods/Target Support Files/Pods-MeSocial/Pods-MeSocial.debug.xcconfig"; sourceTree = "<group>"; };
		2905185E514D50606AED9F85 /* Pods-MeSocialUITests.debug.xcconfig */ = {isa = PBXFileReference; includeInIndex = 1; lastKnownFileType = text.xcconfig; name = "Pods-MeSocialUITests.debug.xcconfig"; path = "Pods/Target Support Files/Pods-MeSocialUITests/Pods-MeSocialUITests.debug.xcconfig"; sourceTree = "<group>"; };
		43679975EFC6CFAC7D724D9A /* Pods-MeSocialTests.debug.xcconfig */ = {isa = PBXFileReference; includeInIndex = 1; lastKnownFileType = text.xcconfig; name = "Pods-MeSocialTests.debug.xcconfig"; path = "Pods/Target Support Files/Pods-MeSocialTests/Pods-MeSocialTests.debug.xcconfig"; sourceTree = "<group>"; };
		57D34B2BC1A901722E3E5446 /* Pods_MeSocialTests.framework */ = {isa = PBXFileReference; explicitFileType = wrapper.framework; includeInIndex = 0; path = Pods_MeSocialTests.framework; sourceTree = BUILT_PRODUCTS_DIR; };
		85395C572214DED4006F022D /* MeSocial.app */ = {isa = PBXFileReference; explicitFileType = wrapper.application; includeInIndex = 0; path = MeSocial.app; sourceTree = BUILT_PRODUCTS_DIR; };
		85395C5A2214DED4006F022D /* AppDelegate.swift */ = {isa = PBXFileReference; lastKnownFileType = sourcecode.swift; path = AppDelegate.swift; sourceTree = "<group>"; };
		85395C5F2214DED4006F022D /* Base */ = {isa = PBXFileReference; lastKnownFileType = file.storyboard; name = Base; path = Base.lproj/Main.storyboard; sourceTree = "<group>"; };
		85395C612214DED6006F022D /* Assets.xcassets */ = {isa = PBXFileReference; lastKnownFileType = folder.assetcatalog; path = Assets.xcassets; sourceTree = "<group>"; };
		85395C642214DED6006F022D /* Base */ = {isa = PBXFileReference; lastKnownFileType = file.storyboard; name = Base; path = Base.lproj/LaunchScreen.storyboard; sourceTree = "<group>"; };
		85395C662214DED6006F022D /* Info.plist */ = {isa = PBXFileReference; lastKnownFileType = text.plist.xml; path = Info.plist; sourceTree = "<group>"; };
		85395C6B2214DED7006F022D /* MeSocialTests.xctest */ = {isa = PBXFileReference; explicitFileType = wrapper.cfbundle; includeInIndex = 0; path = MeSocialTests.xctest; sourceTree = BUILT_PRODUCTS_DIR; };
		85395C6F2214DED7006F022D /* MeSocialTests.swift */ = {isa = PBXFileReference; lastKnownFileType = sourcecode.swift; path = MeSocialTests.swift; sourceTree = "<group>"; };
		85395C712214DED7006F022D /* Info.plist */ = {isa = PBXFileReference; lastKnownFileType = text.plist.xml; path = Info.plist; sourceTree = "<group>"; };
		85395C762214DED7006F022D /* MeSocialUITests.xctest */ = {isa = PBXFileReference; explicitFileType = wrapper.cfbundle; includeInIndex = 0; path = MeSocialUITests.xctest; sourceTree = BUILT_PRODUCTS_DIR; };
		85395C7A2214DED7006F022D /* MeSocialUITests.swift */ = {isa = PBXFileReference; lastKnownFileType = sourcecode.swift; path = MeSocialUITests.swift; sourceTree = "<group>"; };
		85395C7C2214DED7006F022D /* Info.plist */ = {isa = PBXFileReference; lastKnownFileType = text.plist.xml; path = Info.plist; sourceTree = "<group>"; };
		85395C882214E496006F022D /* LoginViewController.swift */ = {isa = PBXFileReference; lastKnownFileType = sourcecode.swift; path = LoginViewController.swift; sourceTree = "<group>"; };
		85395C8A2214E4A3006F022D /* FeedViewController.swift */ = {isa = PBXFileReference; lastKnownFileType = sourcecode.swift; path = FeedViewController.swift; sourceTree = "<group>"; };
		85395C8C22153942006F022D /* CameraViewController.swift */ = {isa = PBXFileReference; lastKnownFileType = sourcecode.swift; path = CameraViewController.swift; sourceTree = "<group>"; };
		85395C8E22188AEB006F022D /* PostCell.swift */ = {isa = PBXFileReference; lastKnownFileType = sourcecode.swift; path = PostCell.swift; sourceTree = "<group>"; };
		E4AD67BFC67C3ADED31A1D5E /* Pods-MeSocialTests.release.xcconfig */ = {isa = PBXFileReference; includeInIndex = 1; lastKnownFileType = text.xcconfig; name = "Pods-MeSocialTests.release.xcconfig"; path = "Pods/Target Support Files/Pods-MeSocialTests/Pods-MeSocialTests.release.xcconfig"; sourceTree = "<group>"; };
		E97B6A941CAF47684C2CA8F0 /* Pods-MeSocialUITests.release.xcconfig */ = {isa = PBXFileReference; includeInIndex = 1; lastKnownFileType = text.xcconfig; name = "Pods-MeSocialUITests.release.xcconfig"; path = "Pods/Target Support Files/Pods-MeSocialUITests/Pods-MeSocialUITests.release.xcconfig"; sourceTree = "<group>"; };
		F7242B9B7B6DCD06349CB406 /* Pods_MeSocialUITests.framework */ = {isa = PBXFileReference; explicitFileType = wrapper.framework; includeInIndex = 0; path = Pods_MeSocialUITests.framework; sourceTree = BUILT_PRODUCTS_DIR; };
		FFE8491711B8560E8FEC2F59 /* Pods_MeSocial.framework */ = {isa = PBXFileReference; explicitFileType = wrapper.framework; includeInIndex = 0; path = Pods_MeSocial.framework; sourceTree = BUILT_PRODUCTS_DIR; };
/* End PBXFileReference section */

/* Begin PBXFrameworksBuildPhase section */
		85395C542214DED4006F022D /* Frameworks */ = {
			isa = PBXFrameworksBuildPhase;
			buildActionMask = 2147483647;
			files = (
				C401B290E3F45D45BE089BFB /* Pods_MeSocial.framework in Frameworks */,
			);
			runOnlyForDeploymentPostprocessing = 0;
		};
		85395C682214DED7006F022D /* Frameworks */ = {
			isa = PBXFrameworksBuildPhase;
			buildActionMask = 2147483647;
			files = (
				F1E225B402BBA3F3522DA1BB /* Pods_MeSocialTests.framework in Frameworks */,
			);
			runOnlyForDeploymentPostprocessing = 0;
		};
		85395C732214DED7006F022D /* Frameworks */ = {
			isa = PBXFrameworksBuildPhase;
			buildActionMask = 2147483647;
			files = (
				0443701D1D8C83D2D85A5C68 /* Pods_MeSocialUITests.framework in Frameworks */,
			);
			runOnlyForDeploymentPostprocessing = 0;
		};
/* End PBXFrameworksBuildPhase section */

/* Begin PBXGroup section */
		05F8812E4EBEA0CB8D9AD86D /* Pods */ = {
			isa = PBXGroup;
			children = (
				19F20968DFA90379EF8456A5 /* Pods-MeSocial.debug.xcconfig */,
				0E0473056B643961A6D1734D /* Pods-MeSocial.release.xcconfig */,
				43679975EFC6CFAC7D724D9A /* Pods-MeSocialTests.debug.xcconfig */,
				E4AD67BFC67C3ADED31A1D5E /* Pods-MeSocialTests.release.xcconfig */,
				2905185E514D50606AED9F85 /* Pods-MeSocialUITests.debug.xcconfig */,
				E97B6A941CAF47684C2CA8F0 /* Pods-MeSocialUITests.release.xcconfig */,
			);
			name = Pods;
			sourceTree = "<group>";
		};
		5FDB8541208F6AA2686C3240 /* Frameworks */ = {
			isa = PBXGroup;
			children = (
				FFE8491711B8560E8FEC2F59 /* Pods_MeSocial.framework */,
				57D34B2BC1A901722E3E5446 /* Pods_MeSocialTests.framework */,
				F7242B9B7B6DCD06349CB406 /* Pods_MeSocialUITests.framework */,
			);
			name = Frameworks;
			sourceTree = "<group>";
		};
		85395C4E2214DED4006F022D = {
			isa = PBXGroup;
			children = (
				85395C592214DED4006F022D /* MeSocial */,
				85395C6E2214DED7006F022D /* MeSocialTests */,
				85395C792214DED7006F022D /* MeSocialUITests */,
				85395C582214DED4006F022D /* Products */,
				05F8812E4EBEA0CB8D9AD86D /* Pods */,
				5FDB8541208F6AA2686C3240 /* Frameworks */,
			);
			sourceTree = "<group>";
		};
		85395C582214DED4006F022D /* Products */ = {
			isa = PBXGroup;
			children = (
				85395C572214DED4006F022D /* MeSocial.app */,
				85395C6B2214DED7006F022D /* MeSocialTests.xctest */,
				85395C762214DED7006F022D /* MeSocialUITests.xctest */,
			);
			name = Products;
			sourceTree = "<group>";
		};
		85395C592214DED4006F022D /* MeSocial */ = {
			isa = PBXGroup;
			children = (
				85395C5A2214DED4006F022D /* AppDelegate.swift */,
				85395C5E2214DED4006F022D /* Main.storyboard */,
				85395C612214DED6006F022D /* Assets.xcassets */,
				85395C632214DED6006F022D /* LaunchScreen.storyboard */,
				85395C662214DED6006F022D /* Info.plist */,
				85395C882214E496006F022D /* LoginViewController.swift */,
				85395C8A2214E4A3006F022D /* FeedViewController.swift */,
				85395C8C22153942006F022D /* CameraViewController.swift */,
				85395C8E22188AEB006F022D /* PostCell.swift */,
			);
			path = MeSocial;
			sourceTree = "<group>";
		};
		85395C6E2214DED7006F022D /* MeSocialTests */ = {
			isa = PBXGroup;
			children = (
				85395C6F2214DED7006F022D /* MeSocialTests.swift */,
				85395C712214DED7006F022D /* Info.plist */,
			);
			path = MeSocialTests;
			sourceTree = "<group>";
		};
		85395C792214DED7006F022D /* MeSocialUITests */ = {
			isa = PBXGroup;
			children = (
				85395C7A2214DED7006F022D /* MeSocialUITests.swift */,
				85395C7C2214DED7006F022D /* Info.plist */,
			);
			path = MeSocialUITests;
			sourceTree = "<group>";
		};
/* End PBXGroup section */

/* Begin PBXNativeTarget section */
		85395C562214DED4006F022D /* MeSocial */ = {
			isa = PBXNativeTarget;
			buildConfigurationList = 85395C7F2214DED7006F022D /* Build configuration list for PBXNativeTarget "MeSocial" */;
			buildPhases = (
				5CA6E4C448C7F4AEE20AD47A /* [CP] Check Pods Manifest.lock */,
				85395C532214DED4006F022D /* Sources */,
				85395C542214DED4006F022D /* Frameworks */,
				85395C552214DED4006F022D /* Resources */,
				B992BA0FF2F601EBFC4A2F2B /* [CP] Embed Pods Frameworks */,
			);
			buildRules = (
			);
			dependencies = (
			);
			name = MeSocial;
			productName = MeSocial;
			productReference = 85395C572214DED4006F022D /* MeSocial.app */;
			productType = "com.apple.product-type.application";
		};
		85395C6A2214DED7006F022D /* MeSocialTests */ = {
			isa = PBXNativeTarget;
			buildConfigurationList = 85395C822214DED7006F022D /* Build configuration list for PBXNativeTarget "MeSocialTests" */;
			buildPhases = (
				3D9267B158ADF4CD1A2351ED /* [CP] Check Pods Manifest.lock */,
				85395C672214DED7006F022D /* Sources */,
				85395C682214DED7006F022D /* Frameworks */,
				85395C692214DED7006F022D /* Resources */,
			);
			buildRules = (
			);
			dependencies = (
				85395C6D2214DED7006F022D /* PBXTargetDependency */,
			);
			name = MeSocialTests;
			productName = MeSocialTests;
			productReference = 85395C6B2214DED7006F022D /* MeSocialTests.xctest */;
			productType = "com.apple.product-type.bundle.unit-test";
		};
		85395C752214DED7006F022D /* MeSocialUITests */ = {
			isa = PBXNativeTarget;
			buildConfigurationList = 85395C852214DED7006F022D /* Build configuration list for PBXNativeTarget "MeSocialUITests" */;
			buildPhases = (
				8B8289DE570C421E6C49FACE /* [CP] Check Pods Manifest.lock */,
				85395C722214DED7006F022D /* Sources */,
				85395C732214DED7006F022D /* Frameworks */,
				85395C742214DED7006F022D /* Resources */,
			);
			buildRules = (
			);
			dependencies = (
				85395C782214DED7006F022D /* PBXTargetDependency */,
			);
			name = MeSocialUITests;
			productName = MeSocialUITests;
			productReference = 85395C762214DED7006F022D /* MeSocialUITests.xctest */;
			productType = "com.apple.product-type.bundle.ui-testing";
		};
/* End PBXNativeTarget section */

/* Begin PBXProject section */
		85395C4F2214DED4006F022D /* Project object */ = {
			isa = PBXProject;
			attributes = {
				LastSwiftUpdateCheck = 1010;
				LastUpgradeCheck = 1010;
				ORGANIZATIONNAME = "Pratyaksh Motwani";
				TargetAttributes = {
					85395C562214DED4006F022D = {
						CreatedOnToolsVersion = 10.1;
					};
					85395C6A2214DED7006F022D = {
						CreatedOnToolsVersion = 10.1;
						TestTargetID = 85395C562214DED4006F022D;
					};
					85395C752214DED7006F022D = {
						CreatedOnToolsVersion = 10.1;
						TestTargetID = 85395C562214DED4006F022D;
					};
				};
			};
			buildConfigurationList = 85395C522214DED4006F022D /* Build configuration list for PBXProject "MeSocial" */;
			compatibilityVersion = "Xcode 9.3";
			developmentRegion = en;
			hasScannedForEncodings = 0;
			knownRegions = (
				en,
				Base,
			);
			mainGroup = 85395C4E2214DED4006F022D;
			productRefGroup = 85395C582214DED4006F022D /* Products */;
			projectDirPath = "";
			projectRoot = "";
			targets = (
				85395C562214DED4006F022D /* MeSocial */,
				85395C6A2214DED7006F022D /* MeSocialTests */,
				85395C752214DED7006F022D /* MeSocialUITests */,
			);
		};
/* End PBXProject section */

/* Begin PBXResourcesBuildPhase section */
		85395C552214DED4006F022D /* Resources */ = {
			isa = PBXResourcesBuildPhase;
			buildActionMask = 2147483647;
			files = (
				85395C652214DED6006F022D /* LaunchScreen.storyboard in Resources */,
				85395C622214DED6006F022D /* Assets.xcassets in Resources */,
				85395C602214DED4006F022D /* Main.storyboard in Resources */,
			);
			runOnlyForDeploymentPostprocessing = 0;
		};
		85395C692214DED7006F022D /* Resources */ = {
			isa = PBXResourcesBuildPhase;
			buildActionMask = 2147483647;
			files = (
			);
			runOnlyForDeploymentPostprocessing = 0;
		};
		85395C742214DED7006F022D /* Resources */ = {
			isa = PBXResourcesBuildPhase;
			buildActionMask = 2147483647;
			files = (
			);
			runOnlyForDeploymentPostprocessing = 0;
		};
/* End PBXResourcesBuildPhase section */

/* Begin PBXShellScriptBuildPhase section */
		3D9267B158ADF4CD1A2351ED /* [CP] Check Pods Manifest.lock */ = {
			isa = PBXShellScriptBuildPhase;
			buildActionMask = 2147483647;
			files = (
			);
			inputFileListPaths = (
			);
			inputPaths = (
				"${PODS_PODFILE_DIR_PATH}/Podfile.lock",
				"${PODS_ROOT}/Manifest.lock",
			);
			name = "[CP] Check Pods Manifest.lock";
			outputFileListPaths = (
			);
			outputPaths = (
				"$(DERIVED_FILE_DIR)/Pods-MeSocialTests-checkManifestLockResult.txt",
			);
			runOnlyForDeploymentPostprocessing = 0;
			shellPath = /bin/sh;
			shellScript = "diff \"${PODS_PODFILE_DIR_PATH}/Podfile.lock\" \"${PODS_ROOT}/Manifest.lock\" > /dev/null\nif [ $? != 0 ] ; then\n    # print error to STDERR\n    echo \"error: The sandbox is not in sync with the Podfile.lock. Run 'pod install' or update your CocoaPods installation.\" >&2\n    exit 1\nfi\n# This output is used by Xcode 'outputs' to avoid re-running this script phase.\necho \"SUCCESS\" > \"${SCRIPT_OUTPUT_FILE_0}\"\n";
			showEnvVarsInLog = 0;
		};
		5CA6E4C448C7F4AEE20AD47A /* [CP] Check Pods Manifest.lock */ = {
			isa = PBXShellScriptBuildPhase;
			buildActionMask = 2147483647;
			files = (
			);
			inputFileListPaths = (
			);
			inputPaths = (
				"${PODS_PODFILE_DIR_PATH}/Podfile.lock",
				"${PODS_ROOT}/Manifest.lock",
			);
			name = "[CP] Check Pods Manifest.lock";
			outputFileListPaths = (
			);
			outputPaths = (
				"$(DERIVED_FILE_DIR)/Pods-MeSocial-checkManifestLockResult.txt",
			);
			runOnlyForDeploymentPostprocessing = 0;
			shellPath = /bin/sh;
			shellScript = "diff \"${PODS_PODFILE_DIR_PATH}/Podfile.lock\" \"${PODS_ROOT}/Manifest.lock\" > /dev/null\nif [ $? != 0 ] ; then\n    # print error to STDERR\n    echo \"error: The sandbox is not in sync with the Podfile.lock. Run 'pod install' or update your CocoaPods installation.\" >&2\n    exit 1\nfi\n# This output is used by Xcode 'outputs' to avoid re-running this script phase.\necho \"SUCCESS\" > \"${SCRIPT_OUTPUT_FILE_0}\"\n";
			showEnvVarsInLog = 0;
		};
		8B8289DE570C421E6C49FACE /* [CP] Check Pods Manifest.lock */ = {
			isa = PBXShellScriptBuildPhase;
			buildActionMask = 2147483647;
			files = (
			);
			inputFileListPaths = (
			);
			inputPaths = (
				"${PODS_PODFILE_DIR_PATH}/Podfile.lock",
				"${PODS_ROOT}/Manifest.lock",
			);
			name = "[CP] Check Pods Manifest.lock";
			outputFileListPaths = (
			);
			outputPaths = (
				"$(DERIVED_FILE_DIR)/Pods-MeSocialUITests-checkManifestLockResult.txt",
			);
			runOnlyForDeploymentPostprocessing = 0;
			shellPath = /bin/sh;
			shellScript = "diff \"${PODS_PODFILE_DIR_PATH}/Podfile.lock\" \"${PODS_ROOT}/Manifest.lock\" > /dev/null\nif [ $? != 0 ] ; then\n    # print error to STDERR\n    echo \"error: The sandbox is not in sync with the Podfile.lock. Run 'pod install' or update your CocoaPods installation.\" >&2\n    exit 1\nfi\n# This output is used by Xcode 'outputs' to avoid re-running this script phase.\necho \"SUCCESS\" > \"${SCRIPT_OUTPUT_FILE_0}\"\n";
			showEnvVarsInLog = 0;
		};
		B992BA0FF2F601EBFC4A2F2B /* [CP] Embed Pods Frameworks */ = {
			isa = PBXShellScriptBuildPhase;
			buildActionMask = 2147483647;
			files = (
			);
			inputFileListPaths = (
			);
			inputPaths = (
				"${SRCROOT}/Pods/Target Support Files/Pods-MeSocial/Pods-MeSocial-frameworks.sh",
				"${BUILT_PRODUCTS_DIR}/Alamofire/Alamofire.framework",
				"${BUILT_PRODUCTS_DIR}/AlamofireImage/AlamofireImage.framework",
				"${BUILT_PRODUCTS_DIR}/Bolts/Bolts.framework",
				"${BUILT_PRODUCTS_DIR}/Parse/Parse.framework",
			);
			name = "[CP] Embed Pods Frameworks";
			outputFileListPaths = (
			);
			outputPaths = (
				"${TARGET_BUILD_DIR}/${FRAMEWORKS_FOLDER_PATH}/Alamofire.framework",
				"${TARGET_BUILD_DIR}/${FRAMEWORKS_FOLDER_PATH}/AlamofireImage.framework",
				"${TARGET_BUILD_DIR}/${FRAMEWORKS_FOLDER_PATH}/Bolts.framework",
				"${TARGET_BUILD_DIR}/${FRAMEWORKS_FOLDER_PATH}/Parse.framework",
			);
			runOnlyForDeploymentPostprocessing = 0;
			shellPath = /bin/sh;
			shellScript = "\"${SRCROOT}/Pods/Target Support Files/Pods-MeSocial/Pods-MeSocial-frameworks.sh\"\n";
			showEnvVarsInLog = 0;
		};
/* End PBXShellScriptBuildPhase section */

/* Begin PBXSourcesBuildPhase section */
		85395C532214DED4006F022D /* Sources */ = {
			isa = PBXSourcesBuildPhase;
			buildActionMask = 2147483647;
			files = (
				85395C892214E496006F022D /* LoginViewController.swift in Sources */,
				85395C8D22153942006F022D /* CameraViewController.swift in Sources */,
				85395C8B2214E4A3006F022D /* FeedViewController.swift in Sources */,
				85395C5B2214DED4006F022D /* AppDelegate.swift in Sources */,
				85395C8F22188AEB006F022D /* PostCell.swift in Sources */,
			);
			runOnlyForDeploymentPostprocessing = 0;
		};
		85395C672214DED7006F022D /* Sources */ = {
			isa = PBXSourcesBuildPhase;
			buildActionMask = 2147483647;
			files = (
				85395C702214DED7006F022D /* MeSocialTests.swift in Sources */,
			);
			runOnlyForDeploymentPostprocessing = 0;
		};
		85395C722214DED7006F022D /* Sources */ = {
			isa = PBXSourcesBuildPhase;
			buildActionMask = 2147483647;
			files = (
				85395C7B2214DED7006F022D /* MeSocialUITests.swift in Sources */,
			);
			runOnlyForDeploymentPostprocessing = 0;
		};
/* End PBXSourcesBuildPhase section */

/* Begin PBXTargetDependency section */
		85395C6D2214DED7006F022D /* PBXTargetDependency */ = {
			isa = PBXTargetDependency;
			target = 85395C562214DED4006F022D /* MeSocial */;
			targetProxy = 85395C6C2214DED7006F022D /* PBXContainerItemProxy */;
		};
		85395C782214DED7006F022D /* PBXTargetDependency */ = {
			isa = PBXTargetDependency;
			target = 85395C562214DED4006F022D /* MeSocial */;
			targetProxy = 85395C772214DED7006F022D /* PBXContainerItemProxy */;
		};
/* End PBXTargetDependency section */

/* Begin PBXVariantGroup section */
		85395C5E2214DED4006F022D /* Main.storyboard */ = {
			isa = PBXVariantGroup;
			children = (
				85395C5F2214DED4006F022D /* Base */,
			);
			name = Main.storyboard;
			sourceTree = "<group>";
		};
		85395C632214DED6006F022D /* LaunchScreen.storyboard */ = {
			isa = PBXVariantGroup;
			children = (
				85395C642214DED6006F022D /* Base */,
			);
			name = LaunchScreen.storyboard;
			sourceTree = "<group>";
		};
/* End PBXVariantGroup section */

/* Begin XCBuildConfiguration section */
		85395C7D2214DED7006F022D /* Debug */ = {
			isa = XCBuildConfiguration;
			buildSettings = {
				ALWAYS_SEARCH_USER_PATHS = NO;
				CLANG_ANALYZER_NONNULL = YES;
				CLANG_ANALYZER_NUMBER_OBJECT_CONVERSION = YES_AGGRESSIVE;
				CLANG_CXX_LANGUAGE_STANDARD = "gnu++14";
				CLANG_CXX_LIBRARY = "libc++";
				CLANG_ENABLE_MODULES = YES;
				CLANG_ENABLE_OBJC_ARC = YES;
				CLANG_ENABLE_OBJC_WEAK = YES;
				CLANG_WARN_BLOCK_CAPTURE_AUTORELEASING = YES;
				CLANG_WARN_BOOL_CONVERSION = YES;
				CLANG_WARN_COMMA = YES;
				CLANG_WARN_CONSTANT_CONVERSION = YES;
				CLANG_WARN_DEPRECATED_OBJC_IMPLEMENTATIONS = YES;
				CLANG_WARN_DIRECT_OBJC_ISA_USAGE = YES_ERROR;
				CLANG_WARN_DOCUMENTATION_COMMENTS = YES;
				CLANG_WARN_EMPTY_BODY = YES;
				CLANG_WARN_ENUM_CONVERSION = YES;
				CLANG_WARN_INFINITE_RECURSION = YES;
				CLANG_WARN_INT_CONVERSION = YES;
				CLANG_WARN_NON_LITERAL_NULL_CONVERSION = YES;
				CLANG_WARN_OBJC_IMPLICIT_RETAIN_SELF = YES;
				CLANG_WARN_OBJC_LITERAL_CONVERSION = YES;
				CLANG_WARN_OBJC_ROOT_CLASS = YES_ERROR;
				CLANG_WARN_RANGE_LOOP_ANALYSIS = YES;
				CLANG_WARN_STRICT_PROTOTYPES = YES;
				CLANG_WARN_SUSPICIOUS_MOVE = YES;
				CLANG_WARN_UNGUARDED_AVAILABILITY = YES_AGGRESSIVE;
				CLANG_WARN_UNREACHABLE_CODE = YES;
				CLANG_WARN__DUPLICATE_METHOD_MATCH = YES;
				CODE_SIGN_IDENTITY = "iPhone Developer";
				COPY_PHASE_STRIP = NO;
				DEBUG_INFORMATION_FORMAT = dwarf;
				ENABLE_STRICT_OBJC_MSGSEND = YES;
				ENABLE_TESTABILITY = YES;
				GCC_C_LANGUAGE_STANDARD = gnu11;
				GCC_DYNAMIC_NO_PIC = NO;
				GCC_NO_COMMON_BLOCKS = YES;
				GCC_OPTIMIZATION_LEVEL = 0;
				GCC_PREPROCESSOR_DEFINITIONS = (
					"DEBUG=1",
					"$(inherited)",
				);
				GCC_WARN_64_TO_32_BIT_CONVERSION = YES;
				GCC_WARN_ABOUT_RETURN_TYPE = YES_ERROR;
				GCC_WARN_UNDECLARED_SELECTOR = YES;
				GCC_WARN_UNINITIALIZED_AUTOS = YES_AGGRESSIVE;
				GCC_WARN_UNUSED_FUNCTION = YES;
				GCC_WARN_UNUSED_VARIABLE = YES;
				IPHONEOS_DEPLOYMENT_TARGET = 12.1;
				MTL_ENABLE_DEBUG_INFO = INCLUDE_SOURCE;
				MTL_FAST_MATH = YES;
				ONLY_ACTIVE_ARCH = YES;
				SDKROOT = iphoneos;
				SWIFT_ACTIVE_COMPILATION_CONDITIONS = DEBUG;
				SWIFT_OPTIMIZATION_LEVEL = "-Onone";
			};
			name = Debug;
		};
		85395C7E2214DED7006F022D /* Release */ = {
			isa = XCBuildConfiguration;
			buildSettings = {
				ALWAYS_SEARCH_USER_PATHS = NO;
				CLANG_ANALYZER_NONNULL = YES;
				CLANG_ANALYZER_NUMBER_OBJECT_CONVERSION = YES_AGGRESSIVE;
				CLANG_CXX_LANGUAGE_STANDARD = "gnu++14";
				CLANG_CXX_LIBRARY = "libc++";
				CLANG_ENABLE_MODULES = YES;
				CLANG_ENABLE_OBJC_ARC = YES;
				CLANG_ENABLE_OBJC_WEAK = YES;
				CLANG_WARN_BLOCK_CAPTURE_AUTORELEASING = YES;
				CLANG_WARN_BOOL_CONVERSION = YES;
				CLANG_WARN_COMMA = YES;
				CLANG_WARN_CONSTANT_CONVERSION = YES;
				CLANG_WARN_DEPRECATED_OBJC_IMPLEMENTATIONS = YES;
				CLANG_WARN_DIRECT_OBJC_ISA_USAGE = YES_ERROR;
				CLANG_WARN_DOCUMENTATION_COMMENTS = YES;
				CLANG_WARN_EMPTY_BODY = YES;
				CLANG_WARN_ENUM_CONVERSION = YES;
				CLANG_WARN_INFINITE_RECURSION = YES;
				CLANG_WARN_INT_CONVERSION = YES;
				CLANG_WARN_NON_LITERAL_NULL_CONVERSION = YES;
				CLANG_WARN_OBJC_IMPLICIT_RETAIN_SELF = YES;
				CLANG_WARN_OBJC_LITERAL_CONVERSION = YES;
				CLANG_WARN_OBJC_ROOT_CLASS = YES_ERROR;
				CLANG_WARN_RANGE_LOOP_ANALYSIS = YES;
				CLANG_WARN_STRICT_PROTOTYPES = YES;
				CLANG_WARN_SUSPICIOUS_MOVE = YES;
				CLANG_WARN_UNGUARDED_AVAILABILITY = YES_AGGRESSIVE;
				CLANG_WARN_UNREACHABLE_CODE = YES;
				CLANG_WARN__DUPLICATE_METHOD_MATCH = YES;
				CODE_SIGN_IDENTITY = "iPhone Developer";
				COPY_PHASE_STRIP = NO;
				DEBUG_INFORMATION_FORMAT = "dwarf-with-dsym";
				ENABLE_NS_ASSERTIONS = NO;
				ENABLE_STRICT_OBJC_MSGSEND = YES;
				GCC_C_LANGUAGE_STANDARD = gnu11;
				GCC_NO_COMMON_BLOCKS = YES;
				GCC_WARN_64_TO_32_BIT_CONVERSION = YES;
				GCC_WARN_ABOUT_RETURN_TYPE = YES_ERROR;
				GCC_WARN_UNDECLARED_SELECTOR = YES;
				GCC_WARN_UNINITIALIZED_AUTOS = YES_AGGRESSIVE;
				GCC_WARN_UNUSED_FUNCTION = YES;
				GCC_WARN_UNUSED_VARIABLE = YES;
				IPHONEOS_DEPLOYMENT_TARGET = 12.1;
				MTL_ENABLE_DEBUG_INFO = NO;
				MTL_FAST_MATH = YES;
				SDKROOT = iphoneos;
				SWIFT_COMPILATION_MODE = wholemodule;
				SWIFT_OPTIMIZATION_LEVEL = "-O";
				VALIDATE_PRODUCT = YES;
			};
			name = Release;
		};
		85395C802214DED7006F022D /* Debug */ = {
			isa = XCBuildConfiguration;
			baseConfigurationReference = 19F20968DFA90379EF8456A5 /* Pods-MeSocial.debug.xcconfig */;
			buildSettings = {
				ASSETCATALOG_COMPILER_APPICON_NAME = AppIcon;
				CODE_SIGN_STYLE = Automatic;
				DEVELOPMENT_TEAM = PUYR5UKWT3;
				INFOPLIST_FILE = MeSocial/Info.plist;
				LD_RUNPATH_SEARCH_PATHS = (
					"$(inherited)",
					"@executable_path/Frameworks",
				);
				PRODUCT_BUNDLE_IDENTIFIER = Project.MeSocial;
				PRODUCT_NAME = "$(TARGET_NAME)";
				SWIFT_VERSION = 4.2;
				TARGETED_DEVICE_FAMILY = "1,2";
			};
			name = Debug;
		};
		85395C812214DED7006F022D /* Release */ = {
			isa = XCBuildConfiguration;
			baseConfigurationReference = 0E0473056B643961A6D1734D /* Pods-MeSocial.release.xcconfig */;
			buildSettings = {
				ASSETCATALOG_COMPILER_APPICON_NAME = AppIcon;
				CODE_SIGN_STYLE = Automatic;
				DEVELOPMENT_TEAM = PUYR5UKWT3;
				INFOPLIST_FILE = MeSocial/Info.plist;
				LD_RUNPATH_SEARCH_PATHS = (
					"$(inherited)",
					"@executable_path/Frameworks",
				);
				PRODUCT_BUNDLE_IDENTIFIER = Project.MeSocial;
				PRODUCT_NAME = "$(TARGET_NAME)";
				SWIFT_VERSION = 4.2;
				TARGETED_DEVICE_FAMILY = "1,2";
			};
			name = Release;
		};
		85395C832214DED7006F022D /* Debug */ = {
			isa = XCBuildConfiguration;
			baseConfigurationReference = 43679975EFC6CFAC7D724D9A /* Pods-MeSocialTests.debug.xcconfig */;
			buildSettings = {
				ALWAYS_EMBED_SWIFT_STANDARD_LIBRARIES = YES;
				BUNDLE_LOADER = "$(TEST_HOST)";
				CODE_SIGN_STYLE = Automatic;
				DEVELOPMENT_TEAM = PUYR5UKWT3;
				INFOPLIST_FILE = MeSocialTests/Info.plist;
				LD_RUNPATH_SEARCH_PATHS = (
					"$(inherited)",
					"@executable_path/Frameworks",
					"@loader_path/Frameworks",
				);
				PRODUCT_BUNDLE_IDENTIFIER = Project.MeSocialTests;
				PRODUCT_NAME = "$(TARGET_NAME)";
				SWIFT_VERSION = 4.2;
				TARGETED_DEVICE_FAMILY = "1,2";
				TEST_HOST = "$(BUILT_PRODUCTS_DIR)/MeSocial.app/MeSocial";
			};
			name = Debug;
		};
		85395C842214DED7006F022D /* Release */ = {
			isa = XCBuildConfiguration;
			baseConfigurationReference = E4AD67BFC67C3ADED31A1D5E /* Pods-MeSocialTests.release.xcconfig */;
			buildSettings = {
				ALWAYS_EMBED_SWIFT_STANDARD_LIBRARIES = YES;
				BUNDLE_LOADER = "$(TEST_HOST)";
				CODE_SIGN_STYLE = Automatic;
				DEVELOPMENT_TEAM = PUYR5UKWT3;
				INFOPLIST_FILE = MeSocialTests/Info.plist;
				LD_RUNPATH_SEARCH_PATHS = (
					"$(inherited)",
					"@executable_path/Frameworks",
					"@loader_path/Frameworks",
				);
				PRODUCT_BUNDLE_IDENTIFIER = Project.MeSocialTests;
				PRODUCT_NAME = "$(TARGET_NAME)";
				SWIFT_VERSION = 4.2;
				TARGETED_DEVICE_FAMILY = "1,2";
				TEST_HOST = "$(BUILT_PRODUCTS_DIR)/MeSocial.app/MeSocial";
			};
			name = Release;
		};
		85395C862214DED7006F022D /* Debug */ = {
			isa = XCBuildConfiguration;
			baseConfigurationReference = 2905185E514D50606AED9F85 /* Pods-MeSocialUITests.debug.xcconfig */;
			buildSettings = {
				ALWAYS_EMBED_SWIFT_STANDARD_LIBRARIES = YES;
				CODE_SIGN_STYLE = Automatic;
				DEVELOPMENT_TEAM = PUYR5UKWT3;
				INFOPLIST_FILE = MeSocialUITests/Info.plist;
				LD_RUNPATH_SEARCH_PATHS = (
					"$(inherited)",
					"@executable_path/Frameworks",
					"@loader_path/Frameworks",
				);
				PRODUCT_BUNDLE_IDENTIFIER = Project.MeSocialUITests;
				PRODUCT_NAME = "$(TARGET_NAME)";
				SWIFT_VERSION = 4.2;
				TARGETED_DEVICE_FAMILY = "1,2";
				TEST_TARGET_NAME = MeSocial;
			};
			name = Debug;
		};
		85395C872214DED7006F022D /* Release */ = {
			isa = XCBuildConfiguration;
			baseConfigurationReference = E97B6A941CAF47684C2CA8F0 /* Pods-MeSocialUITests.release.xcconfig */;
			buildSettings = {
				ALWAYS_EMBED_SWIFT_STANDARD_LIBRARIES = YES;
				CODE_SIGN_STYLE = Automatic;
				DEVELOPMENT_TEAM = PUYR5UKWT3;
				INFOPLIST_FILE = MeSocialUITests/Info.plist;
				LD_RUNPATH_SEARCH_PATHS = (
					"$(inherited)",
					"@executable_path/Frameworks",
					"@loader_path/Frameworks",
				);
				PRODUCT_BUNDLE_IDENTIFIER = Project.MeSocialUITests;
				PRODUCT_NAME = "$(TARGET_NAME)";
				SWIFT_VERSION = 4.2;
				TARGETED_DEVICE_FAMILY = "1,2";
				TEST_TARGET_NAME = MeSocial;
			};
			name = Release;
		};
/* End XCBuildConfiguration section */

/* Begin XCConfigurationList section */
		85395C522214DED4006F022D /* Build configuration list for PBXProject "MeSocial" */ = {
			isa = XCConfigurationList;
			buildConfigurations = (
				85395C7D2214DED7006F022D /* Debug */,
				85395C7E2214DED7006F022D /* Release */,
			);
			defaultConfigurationIsVisible = 0;
			defaultConfigurationName = Release;
		};
		85395C7F2214DED7006F022D /* Build configuration list for PBXNativeTarget "MeSocial" */ = {
			isa = XCConfigurationList;
			buildConfigurations = (
				85395C802214DED7006F022D /* Debug */,
				85395C812214DED7006F022D /* Release */,
			);
			defaultConfigurationIsVisible = 0;
			defaultConfigurationName = Release;
		};
		85395C822214DED7006F022D /* Build configuration list for PBXNativeTarget "MeSocialTests" */ = {
			isa = XCConfigurationList;
			buildConfigurations = (
				85395C832214DED7006F022D /* Debug */,
				85395C842214DED7006F022D /* Release */,
			);
			defaultConfigurationIsVisible = 0;
			defaultConfigurationName = Release;
		};
		85395C852214DED7006F022D /* Build configuration list for PBXNativeTarget "MeSocialUITests" */ = {
			isa = XCConfigurationList;
			buildConfigurations = (
				85395C862214DED7006F022D /* Debug */,
				85395C872214DED7006F022D /* Release */,
			);
			defaultConfigurationIsVisible = 0;
			defaultConfigurationName = Release;
		};
/* End XCConfigurationList section */
	};
	rootObject = 85395C4F2214DED4006F022D /* Project object */;
}
